{
  "name": "loc-general-demo-ui",
  "version": "1.0.0",
  "lockfileVersion": 2,
  "requires": true,
  "packages": {
    "": {
      "name": "loc-general-demo-ui",
      "version": "1.0.0",
      "license": "ISC",
      "dependencies": {
        "@saffron/logic": "github:fstnetwork/saffron-sdk#logic-1.7.4",
        "lodash": "^4.17.21"
      },
      "devDependencies": {
        "@types/node": "^17.0.22",
        "tslib": "^2.3.1"
      }
    },
    "node_modules/@saffron/logic": {
      "version": "1.7.4",
      "resolved": "git+ssh://git@github.com/fstnetwork/saffron-sdk.git#cb4edcb69f7c4ab50392d5b8894c475c1765e715",
      "dependencies": {
        "@saffron/runtime": "fstnetwork/saffron-sdk#runtime-1.7.4"
      }
    },
    "node_modules/@saffron/runtime": {
      "version": "1.7.4",
      "resolved": "git+ssh://git@github.com/fstnetwork/saffron-sdk.git#cbb51fd1207311bd4772d9b77ebe052b13723e3c"
    },
    "node_modules/@types/node": {
      "version": "17.0.22",
      "resolved": "https://registry.npmjs.org/@types/node/-/node-17.0.22.tgz",
      "integrity": "sha512-8FwbVoG4fy+ykY86XCAclKZDORttqE5/s7dyWZKLXTdv3vRy5HozBEinG5IqhvPXXzIZEcTVbuHlQEI6iuwcmw==",
      "dev": true
    },
    "node_modules/lodash": {
      "version": "4.17.21",
      "resolved": "https://registry.npmjs.org/lodash/-/lodash-4.17.21.tgz",
      "integrity": "sha512-v2kDEe57lecTulaDIuNTPy3Ry4gLGJ6Z1O3vE1krgXZNrsQ+LFTGHVxVjcXPs17LhbZVGedAJv8XZ1tvj5FvSg=="
    },
    "node_modules/tslib": {
      "version": "2.3.1",
      "resolved": "https://registry.npmjs.org/tslib/-/tslib-2.3.1.tgz",
      "integrity": "sha512-77EbyPPpMz+FRFRuAFlWMtmgUWGe9UOG2Z25NqCwiIjRhOf5iKGuzSe5P2w1laq+FkRy4p+PCuVkJSGkzTEKVw==",
      "dev": true
    }
  },
  "dependencies": {
    "@saffron/logic": {
      "version": "git+ssh://git@github.com/fstnetwork/saffron-sdk.git#cb4edcb69f7c4ab50392d5b8894c475c1765e715",
      "from": "@saffron/logic@github:fstnetwork/saffron-sdk#logic-1.7.4",
      "requires": {
        "@saffron/runtime": "fstnetwork/saffron-sdk#runtime-1.7.4"
      }
    },
    "@saffron/runtime": {
      "version": "git+ssh://git@github.com/fstnetwork/saffron-sdk.git#cbb51fd1207311bd4772d9b77ebe052b13723e3c",
      "from": "@saffron/runtime@fstnetwork/saffron-sdk#runtime-1.7.4"
    },
    "@types/node": {
      "version": "17.0.22",
      "resolved": "https://registry.npmjs.org/@types/node/-/node-17.0.22.tgz",
      "integrity": "sha512-8FwbVoG4fy+ykY86XCAclKZDORttqE5/s7dyWZKLXTdv3vRy5HozBEinG5IqhvPXXzIZEcTVbuHlQEI6iuwcmw==",
      "dev": true
    },
    "lodash": {
      "version": "4.17.21",
      "resolved": "https://registry.npmjs.org/lodash/-/lodash-4.17.21.tgz",
      "integrity": "sha512-v2kDEe57lecTulaDIuNTPy3Ry4gLGJ6Z1O3vE1krgXZNrsQ+LFTGHVxVjcXPs17LhbZVGedAJv8XZ1tvj5FvSg=="
    },
    "tslib": {
      "version": "2.3.1",
      "resolved": "https://registry.npmjs.org/tslib/-/tslib-2.3.1.tgz",
      "integrity": "sha512-77EbyPPpMz+FRFRuAFlWMtmgUWGe9UOG2Z25NqCwiIjRhOf5iKGuzSe5P2w1laq+FkRy4p+PCuVkJSGkzTEKVw==",
      "dev": true
    }
  }
}
